
Microsoft Visual Studio Solution File, Format Version 12.00
# Visual Studio Version 17
VisualStudioVersion = 17.9.34616.47
MinimumVisualStudioVersion = 10.0.40219.1
Project("{FAE04EC0-301F-11D3-BF4B-00C04F79EFBC}") = "IMLab83", "IMLab83.csproj", "{C7AA1296-5104-4F59-960E-B61A7213028B}"
EndProject
Global
	GlobalSection(SolutionConfigurationPlatforms) = preSolution
		Debug|Any CPU = Debug|Any CPU
		Release|Any CPU = Release|Any CPU
	EndGlobalSection
	GlobalSection(ProjectConfigurationPlatforms) = postSolution
		{C7AA1296-5104-4F59-960E-B61A7213028B}.Debug|Any CPU.ActiveCfg = Debug|Any CPU
		{C7AA1296-5104-4F59-960E-B61A7213028B}.Debug|Any CPU.Build.0 = Debug|Any CPU
		{C7AA1296-5104-4F59-960E-B61A7213028B}.Release|Any CPU.ActiveCfg = Release|Any CPU
		{C7AA1296-5104-4F59-960E-B61A7213028B}.Release|Any CPU.Build.0 = Release|Any CPU
	EndGlobalSection
	GlobalSection(SolutionProperties) = preSolution
		HideSolutionNode = FALSE
	EndGlobalSection
	GlobalSection(ExtensibilityGlobals) = postSolution
		SolutionGuid = {749208D2-CA20-4035-AF6E-F20319B2D66B}
	EndGlobalSection
EndGlobal
